
Microsoft Visual Studio Solution File, Format Version 12.00
# Visual Studio Version 17
VisualStudioVersion = 17.13.35825.156
MinimumVisualStudioVersion = 10.0.40219.1
Project("{FAE04EC0-301F-11D3-BF4B-00C04F79EFBC}") = "Vista", "Principal\Vista.csproj", "{385B0CC1-A7EA-4583-A108-9B15C3D6668D}"
EndProject
Project("{FAE04EC0-301F-11D3-BF4B-00C04F79EFBC}") = "Controlador", "Logica\Controlador.csproj", "{67793F8B-255D-4C20-B8B2-7942181D72DE}"
EndProject
Project("{FAE04EC0-301F-11D3-BF4B-00C04F79EFBC}") = "Modelo", "Modelo\Modelo.csproj", "{0C6DE84E-5858-4D32-8A7F-E50180BA8BD3}"
EndProject
Global
	GlobalSection(SolutionConfigurationPlatforms) = preSolution
		Debug|Any CPU = Debug|Any CPU
		Release|Any CPU = Release|Any CPU
	EndGlobalSection
	GlobalSection(ProjectConfigurationPlatforms) = postSolution
		{385B0CC1-A7EA-4583-A108-9B15C3D6668D}.Debug|Any CPU.ActiveCfg = Debug|Any CPU
		{385B0CC1-A7EA-4583-A108-9B15C3D6668D}.Debug|Any CPU.Build.0 = Debug|Any CPU
		{385B0CC1-A7EA-4583-A108-9B15C3D6668D}.Release|Any CPU.ActiveCfg = Release|Any CPU
		{385B0CC1-A7EA-4583-A108-9B15C3D6668D}.Release|Any CPU.Build.0 = Release|Any CPU
		{67793F8B-255D-4C20-B8B2-7942181D72DE}.Debug|Any CPU.ActiveCfg = Debug|Any CPU
		{67793F8B-255D-4C20-B8B2-7942181D72DE}.Debug|Any CPU.Build.0 = Debug|Any CPU
		{67793F8B-255D-4C20-B8B2-7942181D72DE}.Release|Any CPU.ActiveCfg = Release|Any CPU
		{67793F8B-255D-4C20-B8B2-7942181D72DE}.Release|Any CPU.Build.0 = Release|Any CPU
		{0C6DE84E-5858-4D32-8A7F-E50180BA8BD3}.Debug|Any CPU.ActiveCfg = Debug|Any CPU
		{0C6DE84E-5858-4D32-8A7F-E50180BA8BD3}.Debug|Any CPU.Build.0 = Debug|Any CPU
		{0C6DE84E-5858-4D32-8A7F-E50180BA8BD3}.Release|Any CPU.ActiveCfg = Release|Any CPU
		{0C6DE84E-5858-4D32-8A7F-E50180BA8BD3}.Release|Any CPU.Build.0 = Release|Any CPU
	EndGlobalSection
	GlobalSection(SolutionProperties) = preSolution
		HideSolutionNode = FALSE
	EndGlobalSection
	GlobalSection(ExtensibilityGlobals) = postSolution
		SolutionGuid = {C06ABE31-722B-41EE-8628-A568324032C9}
	EndGlobalSection
EndGlobal
